
Microsoft Visual Studio Solution File, Format Version 12.00
# Visual Studio Version 17
VisualStudioVersion = 17.4.33205.214
MinimumVisualStudioVersion = 10.0.40219.1
Project("{FAE04EC0-301F-11D3-BF4B-00C04F79EFBC}") = "week5day2", "week5day2.csproj", "{BA1D790A-CC8A-41CF-8C4C-D7452B630424}"
EndProject
Global
	GlobalSection(SolutionConfigurationPlatforms) = preSolution
		Debug|Any CPU = Debug|Any CPU
		Release|Any CPU = Release|Any CPU
	EndGlobalSection
	GlobalSection(ProjectConfigurationPlatforms) = postSolution
		{BA1D790A-CC8A-41CF-8C4C-D7452B630424}.Debug|Any CPU.ActiveCfg = Debug|Any CPU
		{BA1D790A-CC8A-41CF-8C4C-D7452B630424}.Debug|Any CPU.Build.0 = Debug|Any CPU
		{BA1D790A-CC8A-41CF-8C4C-D7452B630424}.Release|Any CPU.ActiveCfg = Release|Any CPU
		{BA1D790A-CC8A-41CF-8C4C-D7452B630424}.Release|Any CPU.Build.0 = Release|Any CPU
	EndGlobalSection
	GlobalSection(SolutionProperties) = preSolution
		HideSolutionNode = FALSE
	EndGlobalSection
	GlobalSection(ExtensibilityGlobals) = postSolution
		SolutionGuid = {A224160E-BC9B-4C2C-A982-A4A9E17B0389}
	EndGlobalSection
EndGlobal
