
Microsoft Visual Studio Solution File, Format Version 12.00
# Visual Studio Version 17
VisualStudioVersion = 17.4.33205.214
MinimumVisualStudioVersion = 10.0.40219.1
Project("{FAE04EC0-301F-11D3-BF4B-00C04F79EFBC}") = "week3day4 app", "week3day4 app.csproj", "{BDE37DB6-AAAF-4A4E-A2E9-3D74792063D2}"
EndProject
Global
	GlobalSection(SolutionConfigurationPlatforms) = preSolution
		Debug|Any CPU = Debug|Any CPU
		Release|Any CPU = Release|Any CPU
	EndGlobalSection
	GlobalSection(ProjectConfigurationPlatforms) = postSolution
		{BDE37DB6-AAAF-4A4E-A2E9-3D74792063D2}.Debug|Any CPU.ActiveCfg = Debug|Any CPU
		{BDE37DB6-AAAF-4A4E-A2E9-3D74792063D2}.Debug|Any CPU.Build.0 = Debug|Any CPU
		{BDE37DB6-AAAF-4A4E-A2E9-3D74792063D2}.Release|Any CPU.ActiveCfg = Release|Any CPU
		{BDE37DB6-AAAF-4A4E-A2E9-3D74792063D2}.Release|Any CPU.Build.0 = Release|Any CPU
	EndGlobalSection
	GlobalSection(SolutionProperties) = preSolution
		HideSolutionNode = FALSE
	EndGlobalSection
	GlobalSection(ExtensibilityGlobals) = postSolution
		SolutionGuid = {EE210343-9B50-4B4F-9F00-DBAB1E663A31}
	EndGlobalSection
EndGlobal
